
Microsoft Visual Studio Solution File, Format Version 12.00
# Visual Studio Version 17
VisualStudioVersion = 17.12.35527.113
MinimumVisualStudioVersion = 10.0.40219.1
Project("{FAE04EC0-301F-11D3-BF4B-00C04F79EFBC}") = "Chat", "FrmLogin\Chat.csproj", "{844134E3-0245-4CEF-AD56-6A90FB84F73A}"
EndProject
Project("{FAE04EC0-301F-11D3-BF4B-00C04F79EFBC}") = "BusinessLayer", "BusinessLayer\BusinessLayer.csproj", "{F01F4431-673F-4F44-8751-0EE157D573BD}"
EndProject
Global
	GlobalSection(SolutionConfigurationPlatforms) = preSolution
		Debug|Any CPU = Debug|Any CPU
		Release|Any CPU = Release|Any CPU
	EndGlobalSection
	GlobalSection(ProjectConfigurationPlatforms) = postSolution
		{844134E3-0245-4CEF-AD56-6A90FB84F73A}.Debug|Any CPU.ActiveCfg = Debug|Any CPU
		{844134E3-0245-4CEF-AD56-6A90FB84F73A}.Debug|Any CPU.Build.0 = Debug|Any CPU
		{844134E3-0245-4CEF-AD56-6A90FB84F73A}.Release|Any CPU.ActiveCfg = Release|Any CPU
		{844134E3-0245-4CEF-AD56-6A90FB84F73A}.Release|Any CPU.Build.0 = Release|Any CPU
		{F01F4431-673F-4F44-8751-0EE157D573BD}.Debug|Any CPU.ActiveCfg = Debug|Any CPU
		{F01F4431-673F-4F44-8751-0EE157D573BD}.Debug|Any CPU.Build.0 = Debug|Any CPU
		{F01F4431-673F-4F44-8751-0EE157D573BD}.Release|Any CPU.ActiveCfg = Release|Any CPU
		{F01F4431-673F-4F44-8751-0EE157D573BD}.Release|Any CPU.Build.0 = Release|Any CPU
	EndGlobalSection
	GlobalSection(SolutionProperties) = preSolution
		HideSolutionNode = FALSE
	EndGlobalSection
EndGlobal
